
Microsoft Visual Studio Solution File, Format Version 12.00
# Visual Studio Version 17
VisualStudioVersion = 17.11.35222.181
MinimumVisualStudioVersion = 10.0.40219.1
Project("{9A19103F-16F7-4668-BE54-9A1E7A4F7556}") = "DJLWQB_HSZF_2024251.Console", "DJLWQB_HSZF_2024251.Console\DJLWQB_HSZF_2024251.Console.csproj", "{6F0A70D5-D7F7-410D-91F2-8968BFD99105}"
EndProject
Project("{2150E333-8FDC-42A3-9474-1A3956D46DE8}") = "Application", "Application", "{B5D0D455-4048-4E12-8215-D43C944D7034}"
EndProject
Project("{2150E333-8FDC-42A3-9474-1A3956D46DE8}") = "Domain", "Domain", "{17A86844-3A73-4E28-ADEF-82B4D3AE2C00}"
EndProject
Project("{2150E333-8FDC-42A3-9474-1A3956D46DE8}") = "Infrastructure", "Infrastructure", "{39CDE4A9-CEE1-483E-AD65-0F8730712531}"
EndProject
Project("{2150E333-8FDC-42A3-9474-1A3956D46DE8}") = "Presentation", "Presentation", "{4172CC0A-0B06-4F95-AF29-9F3DA55C3E29}"
EndProject
Project("{2150E333-8FDC-42A3-9474-1A3956D46DE8}") = "Tests", "Tests", "{4AFC3544-496F-4E5E-8B80-F703BC7B2D50}"
EndProject
Project("{9A19103F-16F7-4668-BE54-9A1E7A4F7556}") = "DJLWQB_HSZF_2024251.Model", "DJLWQB_HSZF_2024251.Model\DJLWQB_HSZF_2024251.Model.csproj", "{C527FD9D-DEDD-4CBA-8B9A-C1A20EB67E6D}"
EndProject
Project("{9A19103F-16F7-4668-BE54-9A1E7A4F7556}") = "DJLWQB_HSZF_2024251.Persistence.MsSql", "DJLWQB_HSZF_2024251.Persistence.MsSql\DJLWQB_HSZF_2024251.Persistence.MsSql.csproj", "{BE5BECBE-6A9F-4F21-B2B6-4F9781E2497F}"
EndProject
Project("{9A19103F-16F7-4668-BE54-9A1E7A4F7556}") = "DJLWQB_HSZF_2024251.Application", "DJLWQB_HSZF_2024251.Application\DJLWQB_HSZF_2024251.Application.csproj", "{D7B9B52F-5418-456B-A992-D7E352C8753C}"
EndProject
Project("{9A19103F-16F7-4668-BE54-9A1E7A4F7556}") = "DJLWQB_HSZF_2024251.Test", "DJLWQB_HSZF_2024251.Test\DJLWQB_HSZF_2024251.Test.csproj", "{32373A8C-C2AB-4A63-A861-7668F64F260E}"
EndProject
Global
	GlobalSection(SolutionConfigurationPlatforms) = preSolution
		Debug|Any CPU = Debug|Any CPU
		Release|Any CPU = Release|Any CPU
	EndGlobalSection
	GlobalSection(ProjectConfigurationPlatforms) = postSolution
		{6F0A70D5-D7F7-410D-91F2-8968BFD99105}.Debug|Any CPU.ActiveCfg = Debug|Any CPU
		{6F0A70D5-D7F7-410D-91F2-8968BFD99105}.Debug|Any CPU.Build.0 = Debug|Any CPU
		{6F0A70D5-D7F7-410D-91F2-8968BFD99105}.Release|Any CPU.ActiveCfg = Release|Any CPU
		{6F0A70D5-D7F7-410D-91F2-8968BFD99105}.Release|Any CPU.Build.0 = Release|Any CPU
		{C527FD9D-DEDD-4CBA-8B9A-C1A20EB67E6D}.Debug|Any CPU.ActiveCfg = Debug|Any CPU
		{C527FD9D-DEDD-4CBA-8B9A-C1A20EB67E6D}.Debug|Any CPU.Build.0 = Debug|Any CPU
		{C527FD9D-DEDD-4CBA-8B9A-C1A20EB67E6D}.Release|Any CPU.ActiveCfg = Release|Any CPU
		{C527FD9D-DEDD-4CBA-8B9A-C1A20EB67E6D}.Release|Any CPU.Build.0 = Release|Any CPU
		{BE5BECBE-6A9F-4F21-B2B6-4F9781E2497F}.Debug|Any CPU.ActiveCfg = Debug|Any CPU
		{BE5BECBE-6A9F-4F21-B2B6-4F9781E2497F}.Debug|Any CPU.Build.0 = Debug|Any CPU
		{BE5BECBE-6A9F-4F21-B2B6-4F9781E2497F}.Release|Any CPU.ActiveCfg = Release|Any CPU
		{BE5BECBE-6A9F-4F21-B2B6-4F9781E2497F}.Release|Any CPU.Build.0 = Release|Any CPU
		{D7B9B52F-5418-456B-A992-D7E352C8753C}.Debug|Any CPU.ActiveCfg = Debug|Any CPU
		{D7B9B52F-5418-456B-A992-D7E352C8753C}.Debug|Any CPU.Build.0 = Debug|Any CPU
		{D7B9B52F-5418-456B-A992-D7E352C8753C}.Release|Any CPU.ActiveCfg = Release|Any CPU
		{D7B9B52F-5418-456B-A992-D7E352C8753C}.Release|Any CPU.Build.0 = Release|Any CPU
		{32373A8C-C2AB-4A63-A861-7668F64F260E}.Debug|Any CPU.ActiveCfg = Debug|Any CPU
		{32373A8C-C2AB-4A63-A861-7668F64F260E}.Debug|Any CPU.Build.0 = Debug|Any CPU
		{32373A8C-C2AB-4A63-A861-7668F64F260E}.Release|Any CPU.ActiveCfg = Release|Any CPU
		{32373A8C-C2AB-4A63-A861-7668F64F260E}.Release|Any CPU.Build.0 = Release|Any CPU
	EndGlobalSection
	GlobalSection(SolutionProperties) = preSolution
		HideSolutionNode = FALSE
	EndGlobalSection
	GlobalSection(NestedProjects) = preSolution
		{6F0A70D5-D7F7-410D-91F2-8968BFD99105} = {4172CC0A-0B06-4F95-AF29-9F3DA55C3E29}
		{C527FD9D-DEDD-4CBA-8B9A-C1A20EB67E6D} = {17A86844-3A73-4E28-ADEF-82B4D3AE2C00}
		{BE5BECBE-6A9F-4F21-B2B6-4F9781E2497F} = {39CDE4A9-CEE1-483E-AD65-0F8730712531}
		{D7B9B52F-5418-456B-A992-D7E352C8753C} = {B5D0D455-4048-4E12-8215-D43C944D7034}
		{32373A8C-C2AB-4A63-A861-7668F64F260E} = {4AFC3544-496F-4E5E-8B80-F703BC7B2D50}
	EndGlobalSection
	GlobalSection(ExtensibilityGlobals) = postSolution
		SolutionGuid = {B1922568-EC00-46C7-9FFE-47595E68646E}
	EndGlobalSection
EndGlobal
